
Microsoft Visual Studio Solution File, Format Version 12.00
# Visual Studio 15
VisualStudioVersion = 15.0.27130.2010
MinimumVisualStudioVersion = 10.0.40219.1
Project("{FAE04EC0-301F-11D3-BF4B-00C04F79EFBC}") = "Feladat03_Vektor", "Feladat03_Vektor\Feladat03_Vektor.csproj", "{46F0E5FA-FD10-4517-BE0C-239FB5807BF4}"
EndProject
Global
	GlobalSection(SolutionConfigurationPlatforms) = preSolution
		Debug|Any CPU = Debug|Any CPU
		Release|Any CPU = Release|Any CPU
	EndGlobalSection
	GlobalSection(ProjectConfigurationPlatforms) = postSolution
		{46F0E5FA-FD10-4517-BE0C-239FB5807BF4}.Debug|Any CPU.ActiveCfg = Debug|Any CPU
		{46F0E5FA-FD10-4517-BE0C-239FB5807BF4}.Debug|Any CPU.Build.0 = Debug|Any CPU
		{46F0E5FA-FD10-4517-BE0C-239FB5807BF4}.Release|Any CPU.ActiveCfg = Release|Any CPU
		{46F0E5FA-FD10-4517-BE0C-239FB5807BF4}.Release|Any CPU.Build.0 = Release|Any CPU
	EndGlobalSection
	GlobalSection(SolutionProperties) = preSolution
		HideSolutionNode = FALSE
	EndGlobalSection
	GlobalSection(ExtensibilityGlobals) = postSolution
		SolutionGuid = {90CF3F13-7EA8-4520-A4CA-81CA1C9AFE8C}
	EndGlobalSection
EndGlobal
